{
  "originHash" : "cecd35e105c8cf48a49b466ebfb0e97c455b1f21b6e53b2aa2a32d2addee5d8f",
  "pins" : [
    {
      "identity" : "inject",
      "kind" : "remoteSourceControl",
      "location" : "https://github.com/krzysztofzablocki/Inject.git",
      "state" : {
        "revision" : "728c56639ecb3df441d51d5bc6747329afabcfc9",
        "version" : "1.5.2"
      }
    },
    {
      "identity" : "swiftwhisper",
      "kind" : "remoteSourceControl",
      "location" : "https://github.com/exPHAT/SwiftWhisper.git",
      "state" : {
        "branch" : "master",
        "revision" : "c340197966ebd264f3135d3955874b40f8ed58bc"
      }
    }
  ],
  "version" : 3
}
